
Microsoft Visual Studio Solution File, Format Version 12.00
Project("{FAE04EC0-301F-11D3-BF4B-00C04F79EFBC}") = "ClassLibrary1", "ClassLibrary1\ClassLibrary1.csproj", "{D9F88DC4-59E1-4736-B393-11811CB49F93}"
EndProject
Project("{FAE04EC0-301F-11D3-BF4B-00C04F79EFBC}") = "TestProject1", "TestProject1\TestProject1.csproj", "{AA6A69A5-418D-4B45-9AA8-03E3294CA4E0}"
EndProject
Global
	GlobalSection(SolutionConfigurationPlatforms) = preSolution
		Debug|Any CPU = Debug|Any CPU
		Release|Any CPU = Release|Any CPU
	EndGlobalSection
	GlobalSection(ProjectConfigurationPlatforms) = postSolution
		{D9F88DC4-59E1-4736-B393-11811CB49F93}.Debug|Any CPU.ActiveCfg = Debug|Any CPU
		{D9F88DC4-59E1-4736-B393-11811CB49F93}.Debug|Any CPU.Build.0 = Debug|Any CPU
		{D9F88DC4-59E1-4736-B393-11811CB49F93}.Release|Any CPU.ActiveCfg = Release|Any CPU
		{D9F88DC4-59E1-4736-B393-11811CB49F93}.Release|Any CPU.Build.0 = Release|Any CPU
		{AA6A69A5-418D-4B45-9AA8-03E3294CA4E0}.Debug|Any CPU.ActiveCfg = Debug|Any CPU
		{AA6A69A5-418D-4B45-9AA8-03E3294CA4E0}.Debug|Any CPU.Build.0 = Debug|Any CPU
		{AA6A69A5-418D-4B45-9AA8-03E3294CA4E0}.Release|Any CPU.ActiveCfg = Release|Any CPU
		{AA6A69A5-418D-4B45-9AA8-03E3294CA4E0}.Release|Any CPU.Build.0 = Release|Any CPU
	EndGlobalSection
EndGlobal
